// !$*UTF8*$!
{
	archiveVersion = 1;
	classes = {
	};
	objectVersion = 46;
	objects = {

/* Begin PBXBuildFile section */
		D4A3835C1D8DB5C0005C5F2D /* AppDelegate.swift in Sources */ = {isa = PBXBuildFile; fileRef = D4A3835B1D8DB5C0005C5F2D /* AppDelegate.swift */; };
		D4A383611D8DB5C0005C5F2D /* Main.storyboard in Resources */ = {isa = PBXBuildFile; fileRef = D4A3835F1D8DB5C0005C5F2D /* Main.storyboard */; };
		D4A383631D8DB5C0005C5F2D /* Assets.xcassets in Resources */ = {isa = PBXBuildFile; fileRef = D4A383621D8DB5C0005C5F2D /* Assets.xcassets */; };
		D4A383661D8DB5C0005C5F2D /* LaunchScreen.storyboard in Resources */ = {isa = PBXBuildFile; fileRef = D4A383641D8DB5C0005C5F2D /* LaunchScreen.storyboard */; };
		D4A3836F1D8DB5C9005C5F2D /* HealthKit.framework in Frameworks */ = {isa = PBXBuildFile; fileRef = D4A3836E1D8DB5C9005C5F2D /* HealthKit.framework */; };
		D4A383721D8DB691005C5F2D /* MainTableViewController.swift in Sources */ = {isa = PBXBuildFile; fileRef = D4A383711D8DB691005C5F2D /* MainTableViewController.swift */; };
/* End PBXBuildFile section */

/* Begin PBXFileReference section */
		D4A383581D8DB5C0005C5F2D /* HealthKitTest.app */ = {isa = PBXFileReference; explicitFileType = wrapper.application; includeInIndex = 0; path = HealthKitTest.app; sourceTree = BUILT_PRODUCTS_DIR; };
		D4A3835B1D8DB5C0005C5F2D /* AppDelegate.swift */ = {isa = PBXFileReference; lastKnownFileType = sourcecode.swift; path = AppDelegate.swift; sourceTree = "<group>"; };
		D4A383601D8DB5C0005C5F2D /* Base */ = {isa = PBXFileReference; lastKnownFileType = file.storyboard; name = Base; path = Base.lproj/Main.storyboard; sourceTree = "<group>"; };
		D4A383621D8DB5C0005C5F2D /* Assets.xcassets */ = {isa = PBXFileReference; lastKnownFileType = folder.assetcatalog; path = Assets.xcassets; sourceTree = "<group>"; };
		D4A383651D8DB5C0005C5F2D /* Base */ = {isa = PBXFileReference; lastKnownFileType = file.storyboard; name = Base; path = Base.lproj/LaunchScreen.storyboard; sourceTree = "<group>"; };
		D4A383671D8DB5C0005C5F2D /* Info.plist */ = {isa = PBXFileReference; lastKnownFileType = text.plist.xml; path = Info.plist; sourceTree = "<group>"; };
		D4A3836E1D8DB5C9005C5F2D /* HealthKit.framework */ = {isa = PBXFileReference; lastKnownFileType = wrapper.framework; name = HealthKit.framework; path = System/Library/Frameworks/HealthKit.framework; sourceTree = SDKROOT; };
		D4A383701D8DB5CA005C5F2D /* HealthKitTest.entitlements */ = {isa = PBXFileReference; lastKnownFileType = text.plist.entitlements; path = HealthKitTest.entitlements; sourceTree = "<group>"; };
		D4A383711D8DB691005C5F2D /* MainTableViewController.swift */ = {isa = PBXFileReference; fileEncoding = 4; lastKnownFileType = sourcecode.swift; path = MainTableViewController.swift; sourceTree = "<group>"; };
/* End PBXFileReference section */

/* Begin PBXFrameworksBuildPhase section */
		D4A383551D8DB5C0005C5F2D /* Frameworks */ = {
			isa = PBXFrameworksBuildPhase;
			buildActionMask = 2147483647;
			files = (
				D4A3836F1D8DB5C9005C5F2D /* HealthKit.framework in Frameworks */,
			);
			runOnlyForDeploymentPostprocessing = 0;
		};
/* End PBXFrameworksBuildPhase section */

/* Begin PBXGroup section */
		D4A3834F1D8DB5C0005C5F2D = {
			isa = PBXGroup;
			children = (
				D4A3835A1D8DB5C0005C5F2D /* HealthKitTest */,
				D4A383591D8DB5C0005C5F2D /* Products */,
				D4A3836D1D8DB5C9005C5F2D /* Frameworks */,
			);
			sourceTree = "<group>";
		};
		D4A383591D8DB5C0005C5F2D /* Products */ = {
			isa = PBXGroup;
			children = (
				D4A383581D8DB5C0005C5F2D /* HealthKitTest.app */,
			);
			name = Products;
			sourceTree = "<group>";
		};
		D4A3835A1D8DB5C0005C5F2D /* HealthKitTest */ = {
			isa = PBXGroup;
			children = (
				D4A383701D8DB5CA005C5F2D /* HealthKitTest.entitlements */,
				D4A3835B1D8DB5C0005C5F2D /* AppDelegate.swift */,
				D4A3835F1D8DB5C0005C5F2D /* Main.storyboard */,
				D4A383621D8DB5C0005C5F2D /* Assets.xcassets */,
				D4A383641D8DB5C0005C5F2D /* LaunchScreen.storyboard */,
				D4A383671D8DB5C0005C5F2D /* Info.plist */,
				D4A383711D8DB691005C5F2D /* MainTableViewController.swift */,
			);
			path = HealthKitTest;
			sourceTree = "<group>";
		};
		D4A3836D1D8DB5C9005C5F2D /* Frameworks */ = {
			isa = PBXGroup;
			children = (
				D4A3836E1D8DB5C9005C5F2D /* HealthKit.framework */,
			);
			name = Frameworks;
			sourceTree = "<group>";
		};
/* End PBXGroup section */

/* Begin PBXNativeTarget section */
		D4A383571D8DB5C0005C5F2D /* HealthKitTest */ = {
			isa = PBXNativeTarget;
			buildConfigurationList = D4A3836A1D8DB5C0005C5F2D /* Build configuration list for PBXNativeTarget "HealthKitTest" */;
			buildPhases = (
				D4A383541D8DB5C0005C5F2D /* Sources */,
				D4A383551D8DB5C0005C5F2D /* Frameworks */,
				D4A383561D8DB5C0005C5F2D /* Resources */,
			);
			buildRules = (
			);
			dependencies = (
			);
			name = HealthKitTest;
			productName = HealthKitTest;
			productReference = D4A383581D8DB5C0005C5F2D /* HealthKitTest.app */;
			productType = "com.apple.product-type.application";
		};
/* End PBXNativeTarget section */

/* Begin PBXProject section */
		D4A383501D8DB5C0005C5F2D /* Project object */ = {
			isa = PBXProject;
			attributes = {
				LastSwiftUpdateCheck = 0800;
				LastUpgradeCheck = 0800;
				ORGANIZATIONNAME = "Marvel Apps, LLC";
				TargetAttributes = {
					D4A383571D8DB5C0005C5F2D = {
						CreatedOnToolsVersion = 8.0;
						DevelopmentTeam = 4R6ZY9U5BR;
						ProvisioningStyle = Automatic;
						SystemCapabilities = {
							com.apple.HealthKit = {
								enabled = 1;
							};
						};
					};
				};
			};
			buildConfigurationList = D4A383531D8DB5C0005C5F2D /* Build configuration list for PBXProject "HealthKitTest" */;
			compatibilityVersion = "Xcode 3.2";
			developmentRegion = English;
			hasScannedForEncodings = 0;
			knownRegions = (
				en,
				Base,
			);
			mainGroup = D4A3834F1D8DB5C0005C5F2D;
			productRefGroup = D4A383591D8DB5C0005C5F2D /* Products */;
			projectDirPath = "";
			projectRoot = "";
			targets = (
				D4A383571D8DB5C0005C5F2D /* HealthKitTest */,
			);
		};
/* End PBXProject section */

/* Begin PBXResourcesBuildPhase section */
		D4A383561D8DB5C0005C5F2D /* Resources */ = {
			isa = PBXResourcesBuildPhase;
			buildActionMask = 2147483647;
			files = (
				D4A383661D8DB5C0005C5F2D /* LaunchScreen.storyboard in Resources */,
				D4A383631D8DB5C0005C5F2D /* Assets.xcassets in Resources */,
				D4A383611D8DB5C0005C5F2D /* Main.storyboard in Resources */,
			);
			runOnlyForDeploymentPostprocessing = 0;
		};
/* End PBXResourcesBuildPhase section */

/* Begin PBXSourcesBuildPhase section */
		D4A383541D8DB5C0005C5F2D /* Sources */ = {
			isa = PBXSourcesBuildPhase;
			buildActionMask = 2147483647;
			files = (
				D4A383721D8DB691005C5F2D /* MainTableViewController.swift in Sources */,
				D4A3835C1D8DB5C0005C5F2D /* AppDelegate.swift in Sources */,
			);
			runOnlyForDeploymentPostprocessing = 0;
		};
/* End PBXSourcesBuildPhase section */

/* Begin PBXVariantGroup section */
		D4A3835F1D8DB5C0005C5F2D /* Main.storyboard */ = {
			isa = PBXVariantGroup;
			children = (
				D4A383601D8DB5C0005C5F2D /* Base */,
			);
			name = Main.storyboard;
			sourceTree = "<group>";
		};
		D4A383641D8DB5C0005C5F2D /* LaunchScreen.storyboard */ = {
			isa = PBXVariantGroup;
			children = (
				D4A383651D8DB5C0005C5F2D /* Base */,
			);
			name = LaunchScreen.storyboard;
			sourceTree = "<group>";
		};
/* End PBXVariantGroup section */

/* Begin XCBuildConfiguration section */
		D4A383681D8DB5C0005C5F2D /* Debug */ = {
			isa = XCBuildConfiguration;
			buildSettings = {
				ALWAYS_SEARCH_USER_PATHS = NO;
				CLANG_ANALYZER_NONNULL = YES;
				CLANG_CXX_LANGUAGE_STANDARD = "gnu++0x";
				CLANG_CXX_LIBRARY = "libc++";
				CLANG_ENABLE_MODULES = YES;
				CLANG_ENABLE_OBJC_ARC = YES;
				CLANG_WARN_BOOL_CONVERSION = YES;
				CLANG_WARN_CONSTANT_CONVERSION = YES;
				CLANG_WARN_DIRECT_OBJC_ISA_USAGE = YES_ERROR;
				CLANG_WARN_DOCUMENTATION_COMMENTS = YES;
				CLANG_WARN_EMPTY_BODY = YES;
				CLANG_WARN_ENUM_CONVERSION = YES;
				CLANG_WARN_INFINITE_RECURSION = YES;
				CLANG_WARN_INT_CONVERSION = YES;
				CLANG_WARN_OBJC_ROOT_CLASS = YES_ERROR;
				CLANG_WARN_SUSPICIOUS_MOVES = YES;
				CLANG_WARN_UNREACHABLE_CODE = YES;
				CLANG_WARN__DUPLICATE_METHOD_MATCH = YES;
				"CODE_SIGN_IDENTITY[sdk=iphoneos*]" = "iPhone Developer";
				COPY_PHASE_STRIP = NO;
				DEBUG_INFORMATION_FORMAT = dwarf;
				ENABLE_STRICT_OBJC_MSGSEND = YES;
				ENABLE_TESTABILITY = YES;
				GCC_C_LANGUAGE_STANDARD = gnu99;
				GCC_DYNAMIC_NO_PIC = NO;
				GCC_NO_COMMON_BLOCKS = YES;
				GCC_OPTIMIZATION_LEVEL = 0;
				GCC_PREPROCESSOR_DEFINITIONS = (
					"DEBUG=1",
					"$(inherited)",
				);
				GCC_WARN_64_TO_32_BIT_CONVERSION = YES;
				GCC_WARN_ABOUT_RETURN_TYPE = YES_ERROR;
				GCC_WARN_UNDECLARED_SELECTOR = YES;
				GCC_WARN_UNINITIALIZED_AUTOS = YES_AGGRESSIVE;
				GCC_WARN_UNUSED_FUNCTION = YES;
				GCC_WARN_UNUSED_VARIABLE = YES;
				IPHONEOS_DEPLOYMENT_TARGET = 10.0;
				MTL_ENABLE_DEBUG_INFO = YES;
				ONLY_ACTIVE_ARCH = YES;
				SDKROOT = iphoneos;
				SWIFT_ACTIVE_COMPILATION_CONDITIONS = DEBUG;
				SWIFT_OPTIMIZATION_LEVEL = "-Onone";
			};
			name = Debug;
		};
		D4A383691D8DB5C0005C5F2D /* Release */ = {
			isa = XCBuildConfiguration;
			buildSettings = {
				ALWAYS_SEARCH_USER_PATHS = NO;
				CLANG_ANALYZER_NONNULL = YES;
				CLANG_CXX_LANGUAGE_STANDARD = "gnu++0x";
				CLANG_CXX_LIBRARY = "libc++";
				CLANG_ENABLE_MODULES = YES;
				CLANG_ENABLE_OBJC_ARC = YES;
				CLANG_WARN_BOOL_CONVERSION = YES;
				CLANG_WARN_CONSTANT_CONVERSION = YES;
				CLANG_WARN_DIRECT_OBJC_ISA_USAGE = YES_ERROR;
				CLANG_WARN_DOCUMENTATION_COMMENTS = YES;
				CLANG_WARN_EMPTY_BODY = YES;
				CLANG_WARN_ENUM_CONVERSION = YES;
				CLANG_WARN_INFINITE_RECURSION = YES;
				CLANG_WARN_INT_CONVERSION = YES;
				CLANG_WARN_OBJC_ROOT_CLASS = YES_ERROR;
				CLANG_WARN_SUSPICIOUS_MOVES = YES;
				CLANG_WARN_UNREACHABLE_CODE = YES;
				CLANG_WARN__DUPLICATE_METHOD_MATCH = YES;
				"CODE_SIGN_IDENTITY[sdk=iphoneos*]" = "iPhone Developer";
				COPY_PHASE_STRIP = NO;
				DEBUG_INFORMATION_FORMAT = "dwarf-with-dsym";
				ENABLE_NS_ASSERTIONS = NO;
				ENABLE_STRICT_OBJC_MSGSEND = YES;
				GCC_C_LANGUAGE_STANDARD = gnu99;
				GCC_NO_COMMON_BLOCKS = YES;
				GCC_WARN_64_TO_32_BIT_CONVERSION = YES;
				GCC_WARN_ABOUT_RETURN_TYPE = YES_ERROR;
				GCC_WARN_UNDECLARED_SELECTOR = YES;
				GCC_WARN_UNINITIALIZED_AUTOS = YES_AGGRESSIVE;
				GCC_WARN_UNUSED_FUNCTION = YES;
				GCC_WARN_UNUSED_VARIABLE = YES;
				IPHONEOS_DEPLOYMENT_TARGET = 10.0;
				MTL_ENABLE_DEBUG_INFO = NO;
				SDKROOT = iphoneos;
				SWIFT_OPTIMIZATION_LEVEL = "-Owholemodule";
				VALIDATE_PRODUCT = YES;
			};
			name = Release;
		};
		D4A3836B1D8DB5C0005C5F2D /* Debug */ = {
			isa = XCBuildConfiguration;
			buildSettings = {
				ASSETCATALOG_COMPILER_APPICON_NAME = AppIcon;
				CODE_SIGN_ENTITLEMENTS = HealthKitTest/HealthKitTest.entitlements;
				DEVELOPMENT_TEAM = 4R6ZY9U5BR;
				INFOPLIST_FILE = HealthKitTest/Info.plist;
				IPHONEOS_DEPLOYMENT_TARGET = 9.3;
				LD_RUNPATH_SEARCH_PATHS = "$(inherited) @executable_path/Frameworks";
				PRODUCT_BUNDLE_IDENTIFIER = com.mobiletoolworks.HealthKitTest;
				PRODUCT_NAME = "$(TARGET_NAME)";
				SWIFT_VERSION = 3.0;
			};
			name = Debug;
		};
		D4A3836C1D8DB5C0005C5F2D /* Release */ = {
			isa = XCBuildConfiguration;
			buildSettings = {
				ASSETCATALOG_COMPILER_APPICON_NAME = AppIcon;
				CODE_SIGN_ENTITLEMENTS = HealthKitTest/HealthKitTest.entitlements;
				DEVELOPMENT_TEAM = 4R6ZY9U5BR;
				INFOPLIST_FILE = HealthKitTest/Info.plist;
				IPHONEOS_DEPLOYMENT_TARGET = 9.3;
				LD_RUNPATH_SEARCH_PATHS = "$(inherited) @executable_path/Frameworks";
				PRODUCT_BUNDLE_IDENTIFIER = com.mobiletoolworks.HealthKitTest;
				PRODUCT_NAME = "$(TARGET_NAME)";
				SWIFT_VERSION = 3.0;
			};
			name = Release;
		};
/* End XCBuildConfiguration section */

/* Begin XCConfigurationList section */
		D4A383531D8DB5C0005C5F2D /* Build configuration list for PBXProject "HealthKitTest" */ = {
			isa = XCConfigurationList;
			buildConfigurations = (
				D4A383681D8DB5C0005C5F2D /* Debug */,
				D4A383691D8DB5C0005C5F2D /* Release */,
			);
			defaultConfigurationIsVisible = 0;
			defaultConfigurationName = Release;
		};
		D4A3836A1D8DB5C0005C5F2D /* Build configuration list for PBXNativeTarget "HealthKitTest" */ = {
			isa = XCConfigurationList;
			buildConfigurations = (
				D4A3836B1D8DB5C0005C5F2D /* Debug */,
				D4A3836C1D8DB5C0005C5F2D /* Release */,
			);
			defaultConfigurationIsVisible = 0;
			defaultConfigurationName = Release;
		};
/* End XCConfigurationList section */
	};
	rootObject = D4A383501D8DB5C0005C5F2D /* Project object */;
}
